
Microsoft Visual Studio Solution File, Format Version 12.00
# Visual Studio Version 17
VisualStudioVersion = 17.8.34316.72
MinimumVisualStudioVersion = 10.0.40219.1
Project("{FAE04EC0-301F-11D3-BF4B-00C04F79EFBC}") = "BTLab_test", "BTLab_test\BTLab_test.csproj", "{EC48089D-D90C-4384-A207-5E7405228C49}"
EndProject
Global
	GlobalSection(SolutionConfigurationPlatforms) = preSolution
		Debug|Any CPU = Debug|Any CPU
		Release|Any CPU = Release|Any CPU
	EndGlobalSection
	GlobalSection(ProjectConfigurationPlatforms) = postSolution
		{EC48089D-D90C-4384-A207-5E7405228C49}.Debug|Any CPU.ActiveCfg = Debug|Any CPU
		{EC48089D-D90C-4384-A207-5E7405228C49}.Debug|Any CPU.Build.0 = Debug|Any CPU
		{EC48089D-D90C-4384-A207-5E7405228C49}.Release|Any CPU.ActiveCfg = Release|Any CPU
		{EC48089D-D90C-4384-A207-5E7405228C49}.Release|Any CPU.Build.0 = Release|Any CPU
	EndGlobalSection
	GlobalSection(SolutionProperties) = preSolution
		HideSolutionNode = FALSE
	EndGlobalSection
	GlobalSection(ExtensibilityGlobals) = postSolution
		SolutionGuid = {435E854F-5FE1-4D61-935B-6079C40B0725}
	EndGlobalSection
EndGlobal
